{
    "dependencies": {
        "ansi-regex": {
            "integrity": "sha512-quJQXlTSUGL2LH9SUXo8VwsY4soanhgo6LNSm84E1LBcE8s3O0wpdiRzyR9z/ZZJMlMWv37qOOb9pdJlMUEKFQ==",
            "resolved": "https://registry.npmjs.org/ansi-regex/-/ansi-regex-5.0.1.tgz",
            "version": "5.0.1"
        },
        "ansi-styles": {
            "integrity": "sha512-zbB9rCJAT1rbjiVDb2hqKFHNYLxgtk8NURxZ3IZwD3F6NtxbXZQCnnSi1Lkx+IDohdPlFp222wVALIheZJQSEg==",
            "requires": {
                "color-convert": "^2.0.1"
            },
            "resolved": "https://registry.npmjs.org/ansi-styles/-/ansi-styles-4.3.0.tgz",
            "version": "4.3.0"
        },
        "cliui": {
            "integrity": "sha512-BSeNnyus75C4//NQ9gQt1/csTXyo/8Sb+afLAkzAptFuMsod9HFokGNudZpi/oQV73hnVK+sR+5PVRMd+Dr7YQ==",
            "requires": {
                "string-width": "^4.2.0",
                "strip-ansi": "^6.0.1",
                "wrap-ansi": "^7.0.0"
            },
            "resolved": "https://registry.npmjs.org/cliui/-/cliui-8.0.1.tgz",
            "version": "8.0.1"
        },
        "color-convert": {
            "integrity": "sha512-RRECPsj7iu/xb5oKYcsFHSppFNnsj/52OVTRKb4zP5onXwVF3zVmmToNcOfGC+CRDpfK/U584fMg38ZHCaElKQ==",
            "requires": {
                "color-name": "~1.1.4"
            },
            "resolved": "https://registry.npmjs.org/color-convert/-/color-convert-2.0.1.tgz",
            "version": "2.0.1"
        },
        "color-name": {
            "integrity": "sha512-dOy+3AuW3a2wNbZHIuMZpTcgjGuLU/uBL/ubcZF9OXbDo8ff4O8yVp5Bf0efS8uEoYo5q4Fx7dY9OgQGXgAsQA==",
            "resolved": "https://registry.npmjs.org/color-name/-/color-name-1.1.4.tgz",
            "version": "1.1.4"
        },
        "colors": {
            "integrity": "sha512-a+UqTh4kgZg/SlGvfbzDHpgRu7AAQOmmqRHJnxhRZICKFUT91brVhNNt58CMWU9PsBbv3PDCZUHbVxuDiH2mtA==",
            "resolved": "https://registry.npmjs.org/colors/-/colors-1.4.0.tgz",
            "version": "1.4.0"
        },
        "detect-indent": {
            "integrity": "sha512-rlpvsxUtM0PQvy9iZe640/IWwWYyBsTApREbA1pHOpmOUIl9MkP/U4z7vTtg4Oaojvqhxt7sdufnT0EzGaR31g==",
            "resolved": "https://registry.npmjs.org/detect-indent/-/detect-indent-5.0.0.tgz",
            "version": "5.0.0"
        },
        "detect-newline": {
            "integrity": "sha512-CwffZFvlJffUg9zZA0uqrjQayUTC8ob94pnr5sFwaVv3IOmkfUHcWH+jXaQK3askE51Cqe8/9Ql/0uXNwqZ8Zg==",
            "resolved": "https://registry.npmjs.org/detect-newline/-/detect-newline-2.1.0.tgz",
            "version": "2.1.0"
        },
        "emoji-regex": {
            "integrity": "sha512-MSjYzcWNOA0ewAHpz0MxpYFvwg6yjy1NG3xteoqz644VCo/RPgnr1/GGt+ic3iJTzQ8Eu3TdM14SawnVUmGE6A==",
            "resolved": "https://registry.npmjs.org/emoji-regex/-/emoji-regex-8.0.0.tgz",
            "version": "8.0.0"
        },
        "escalade": {
            "integrity": "sha512-k0er2gUkLf8O0zKJiAhmkTnJlTvINGv7ygDNPbeIsX/TJjGJZHuh9B2UxbsaEkmlEo9MfhrSzmhIlhRlI2GXnw==",
            "resolved": "https://registry.npmjs.org/escalade/-/escalade-3.1.1.tgz",
            "version": "3.1.1"
        },
        "fs": {
            "integrity": "sha512-3XY9e1pP0CVEUCdj5BmfIZxRBTSDycnbqhIOGec9QYtmVH2fbLpj86CFWkrNOkt/Fvty4KZG5lTglL9j/gJ87w==",
            "resolved": "https://registry.npmjs.org/fs/-/fs-0.0.1-security.tgz",
            "version": "0.0.1-security"
        },
        "get-caller-file": {
            "integrity": "sha512-DyFP3BM/3YHTQOCUL/w0OZHR0lpKeGrxotcHWcqNEdnltqFwXVfhEBQ94eIo34AfQpo0rGki4cyIiftY06h2Fg==",
            "resolved": "https://registry.npmjs.org/get-caller-file/-/get-caller-file-2.0.5.tgz",
            "version": "2.0.5"
        },
        "is-fullwidth-code-point": {
            "integrity": "sha512-zymm5+u+sCsSWyD9qNaejV3DFvhCKclKdizYaJUuHA83RLjb7nSuGnddCHGv0hk+KY7BMAlsWeK4Ueg6EV6XQg==",
            "resolved": "https://registry.npmjs.org/is-fullwidth-code-point/-/is-fullwidth-code-point-3.0.0.tgz",
            "version": "3.0.0"
        },
        "json3": {
            "integrity": "sha512-c7/8mbUsKigAbLkD5B010BK4D9LZm7A1pNItkEwiUZRpIN66exu/e7YQWysGun+TRKaJp8MhemM+VkfWv42aCA==",
            "resolved": "https://registry.npmjs.org/json3/-/json3-3.3.3.tgz",
            "version": "3.3.3"
        },
        "lodash": {
            "integrity": "sha512-v2kDEe57lecTulaDIuNTPy3Ry4gLGJ6Z1O3vE1krgXZNrsQ+LFTGHVxVjcXPs17LhbZVGedAJv8XZ1tvj5FvSg==",
            "resolved": "https://registry.npmjs.org/lodash/-/lodash-4.17.21.tgz",
            "version": "4.17.21"
        },
        "minimist": {
            "integrity": "sha512-bzfL1YUZsP41gmu/qjrEk0Q6i2ix/cVeAhbCbqH9u3zYutS1cLg00qhrD0M2MVdCcx4Sc0UpP2eBWo9rotpq6g==",
            "resolved": "https://registry.npmjs.org/minimist/-/minimist-1.2.7.tgz",
            "version": "1.2.7"
        },
        "require-directory": {
            "integrity": "sha512-fGxEI7+wsG9xrvdjsrlmL22OMTTiHRwAMroiEeMgq8gzoLC/PQr7RsRDSTLUg/bZAZtF+TVIkHc6/4RIKrui+Q==",
            "resolved": "https://registry.npmjs.org/require-directory/-/require-directory-2.1.1.tgz",
            "version": "2.1.1"
        },
        "sort-json": {
            "integrity": "sha512-s8cs2bcsQCzo/P2T/uoU6Js4dS/jnX8+4xunziNoq9qmSpZNCrRIAIvp4avsz0ST18HycV4z/7myJ7jsHWB2XQ==",
            "requires": {
                "detect-indent": "^5.0.0",
                "detect-newline": "^2.1.0",
                "minimist": "^1.2.0"
            },
            "resolved": "https://registry.npmjs.org/sort-json/-/sort-json-2.0.1.tgz",
            "version": "2.0.1"
        },
        "string-width": {
            "integrity": "sha512-wKyQRQpjJ0sIp62ErSZdGsjMJWsap5oRNihHhu6G7JVO/9jIB6UyevL+tXuOqrng8j/cxKTWyWUwvSTriiZz/g==",
            "requires": {
                "emoji-regex": "^8.0.0",
                "is-fullwidth-code-point": "^3.0.0",
                "strip-ansi": "^6.0.1"
            },
            "resolved": "https://registry.npmjs.org/string-width/-/string-width-4.2.3.tgz",
            "version": "4.2.3"
        },
        "strip-ansi": {
            "integrity": "sha512-Y38VPSHcqkFrCpFnQ9vuSXmquuv5oXOKpGeT6aGrr3o3Gc9AlVa6JBfUSOCnbxGGZF+/0ooI7KrPuUSztUdU5A==",
            "requires": {
                "ansi-regex": "^5.0.1"
            },
            "resolved": "https://registry.npmjs.org/strip-ansi/-/strip-ansi-6.0.1.tgz",
            "version": "6.0.1"
        },
        "wrap-ansi": {
            "integrity": "sha512-YVGIj2kamLSTxw6NsZjoBxfSwsn0ycdesmc4p+Q21c5zPuZ1pl+NfxVdxPtdHvmNVOQ6XSYG4AUtyt/Fi7D16Q==",
            "requires": {
                "ansi-styles": "^4.0.0",
                "string-width": "^4.1.0",
                "strip-ansi": "^6.0.0"
            },
            "resolved": "https://registry.npmjs.org/wrap-ansi/-/wrap-ansi-7.0.0.tgz",
            "version": "7.0.0"
        },
        "y18n": {
            "integrity": "sha512-0pfFzegeDWJHJIAmTLRP2DwHjdF5s7jo9tuztdQxAhINCdvS+3nGINqPd00AphqJR/0LhANUS6/+7SCb98YOfA==",
            "resolved": "https://registry.npmjs.org/y18n/-/y18n-5.0.8.tgz",
            "version": "5.0.8"
        },
        "yargs": {
            "integrity": "sha512-1/9UrdHjDZc0eOU0HxOHoS78C69UD3JRMvzlJ7S79S2nTaWRA/whGCTV8o9e/N/1Va9YIV7Q4sOxD8VV4pCWOw==",
            "requires": {
                "cliui": "^8.0.1",
                "escalade": "^3.1.1",
                "get-caller-file": "^2.0.5",
                "require-directory": "^2.1.1",
                "string-width": "^4.2.3",
                "y18n": "^5.0.5",
                "yargs-parser": "^21.1.1"
            },
            "resolved": "https://registry.npmjs.org/yargs/-/yargs-17.6.2.tgz",
            "version": "17.6.2"
        },
        "yargs-parser": {
            "integrity": "sha512-tVpsJW7DdjecAiFpbIB1e3qxIQsE6NoPc5/eTdrbbIC4h0LVsWhnoa3g+m2HclBIujHzsxZ4VJVA+GUuc2/LBw==",
            "resolved": "https://registry.npmjs.org/yargs-parser/-/yargs-parser-21.1.1.tgz",
            "version": "21.1.1"
        }
    },
    "lockfileVersion": 2,
    "name": "json-sort-ci",
    "packages": {
        "": {
            "bin": {
                "json-sort-ci": "index.js"
            },
            "dependencies": {
                "colors": "^1.4.0",
                "fs": "^0.0.1-security",
                "json3": "^3.3.3",
                "lodash": "^4.17.21",
                "sort-json": "^2.0.1",
                "yargs": "^17.6.2"
            },
            "license": "ISC",
            "name": "json-sort-ci",
            "version": "1.0.4"
        },
        "../../.nvm/versions/node/v14.17.6/lib/node_modules/test-types": {
            "devDependencies": {
                "@mulesoft/types": "latest",
                "oddish": "latest",
                "tsc-node": "0.0.3",
                "typescript": "^2.5.2"
            },
            "extraneous": true,
            "license": "MIT",
            "version": "1.0.1-0"
        },
        "node_modules/ansi-regex": {
            "engines": {
                "node": ">=8"
            },
            "integrity": "sha512-quJQXlTSUGL2LH9SUXo8VwsY4soanhgo6LNSm84E1LBcE8s3O0wpdiRzyR9z/ZZJMlMWv37qOOb9pdJlMUEKFQ==",
            "resolved": "https://registry.npmjs.org/ansi-regex/-/ansi-regex-5.0.1.tgz",
            "version": "5.0.1"
        },
        "node_modules/ansi-styles": {
            "dependencies": {
                "color-convert": "^2.0.1"
            },
            "engines": {
                "node": ">=8"
            },
            "funding": {
                "url": "https://github.com/chalk/ansi-styles?sponsor=1"
            },
            "integrity": "sha512-zbB9rCJAT1rbjiVDb2hqKFHNYLxgtk8NURxZ3IZwD3F6NtxbXZQCnnSi1Lkx+IDohdPlFp222wVALIheZJQSEg==",
            "resolved": "https://registry.npmjs.org/ansi-styles/-/ansi-styles-4.3.0.tgz",
            "version": "4.3.0"
        },
        "node_modules/cliui": {
            "dependencies": {
                "string-width": "^4.2.0",
                "strip-ansi": "^6.0.1",
                "wrap-ansi": "^7.0.0"
            },
            "engines": {
                "node": ">=12"
            },
            "integrity": "sha512-BSeNnyus75C4//NQ9gQt1/csTXyo/8Sb+afLAkzAptFuMsod9HFokGNudZpi/oQV73hnVK+sR+5PVRMd+Dr7YQ==",
            "resolved": "https://registry.npmjs.org/cliui/-/cliui-8.0.1.tgz",
            "version": "8.0.1"
        },
        "node_modules/color-convert": {
            "dependencies": {
                "color-name": "~1.1.4"
            },
            "engines": {
                "node": ">=7.0.0"
            },
            "integrity": "sha512-RRECPsj7iu/xb5oKYcsFHSppFNnsj/52OVTRKb4zP5onXwVF3zVmmToNcOfGC+CRDpfK/U584fMg38ZHCaElKQ==",
            "resolved": "https://registry.npmjs.org/color-convert/-/color-convert-2.0.1.tgz",
            "version": "2.0.1"
        },
        "node_modules/color-name": {
            "integrity": "sha512-dOy+3AuW3a2wNbZHIuMZpTcgjGuLU/uBL/ubcZF9OXbDo8ff4O8yVp5Bf0efS8uEoYo5q4Fx7dY9OgQGXgAsQA==",
            "resolved": "https://registry.npmjs.org/color-name/-/color-name-1.1.4.tgz",
            "version": "1.1.4"
        },
        "node_modules/colors": {
            "engines": {
                "node": ">=0.1.90"
            },
            "integrity": "sha512-a+UqTh4kgZg/SlGvfbzDHpgRu7AAQOmmqRHJnxhRZICKFUT91brVhNNt58CMWU9PsBbv3PDCZUHbVxuDiH2mtA==",
            "resolved": "https://registry.npmjs.org/colors/-/colors-1.4.0.tgz",
            "version": "1.4.0"
        },
        "node_modules/detect-indent": {
            "engines": {
                "node": ">=4"
            },
            "integrity": "sha512-rlpvsxUtM0PQvy9iZe640/IWwWYyBsTApREbA1pHOpmOUIl9MkP/U4z7vTtg4Oaojvqhxt7sdufnT0EzGaR31g==",
            "resolved": "https://registry.npmjs.org/detect-indent/-/detect-indent-5.0.0.tgz",
            "version": "5.0.0"
        },
        "node_modules/detect-newline": {
            "engines": {
                "node": ">=0.10.0"
            },
            "integrity": "sha512-CwffZFvlJffUg9zZA0uqrjQayUTC8ob94pnr5sFwaVv3IOmkfUHcWH+jXaQK3askE51Cqe8/9Ql/0uXNwqZ8Zg==",
            "resolved": "https://registry.npmjs.org/detect-newline/-/detect-newline-2.1.0.tgz",
            "version": "2.1.0"
        },
        "node_modules/emoji-regex": {
            "integrity": "sha512-MSjYzcWNOA0ewAHpz0MxpYFvwg6yjy1NG3xteoqz644VCo/RPgnr1/GGt+ic3iJTzQ8Eu3TdM14SawnVUmGE6A==",
            "resolved": "https://registry.npmjs.org/emoji-regex/-/emoji-regex-8.0.0.tgz",
            "version": "8.0.0"
        },
        "node_modules/escalade": {
            "engines": {
                "node": ">=6"
            },
            "integrity": "sha512-k0er2gUkLf8O0zKJiAhmkTnJlTvINGv7ygDNPbeIsX/TJjGJZHuh9B2UxbsaEkmlEo9MfhrSzmhIlhRlI2GXnw==",
            "resolved": "https://registry.npmjs.org/escalade/-/escalade-3.1.1.tgz",
            "version": "3.1.1"
        },
        "node_modules/fs": {
            "integrity": "sha512-3XY9e1pP0CVEUCdj5BmfIZxRBTSDycnbqhIOGec9QYtmVH2fbLpj86CFWkrNOkt/Fvty4KZG5lTglL9j/gJ87w==",
            "resolved": "https://registry.npmjs.org/fs/-/fs-0.0.1-security.tgz",
            "version": "0.0.1-security"
        },
        "node_modules/get-caller-file": {
            "engines": {
                "node": "6.* || 8.* || >= 10.*"
            },
            "integrity": "sha512-DyFP3BM/3YHTQOCUL/w0OZHR0lpKeGrxotcHWcqNEdnltqFwXVfhEBQ94eIo34AfQpo0rGki4cyIiftY06h2Fg==",
            "resolved": "https://registry.npmjs.org/get-caller-file/-/get-caller-file-2.0.5.tgz",
            "version": "2.0.5"
        },
        "node_modules/is-fullwidth-code-point": {
            "engines": {
                "node": ">=8"
            },
            "integrity": "sha512-zymm5+u+sCsSWyD9qNaejV3DFvhCKclKdizYaJUuHA83RLjb7nSuGnddCHGv0hk+KY7BMAlsWeK4Ueg6EV6XQg==",
            "resolved": "https://registry.npmjs.org/is-fullwidth-code-point/-/is-fullwidth-code-point-3.0.0.tgz",
            "version": "3.0.0"
        },
        "node_modules/json3": {
            "integrity": "sha512-c7/8mbUsKigAbLkD5B010BK4D9LZm7A1pNItkEwiUZRpIN66exu/e7YQWysGun+TRKaJp8MhemM+VkfWv42aCA==",
            "resolved": "https://registry.npmjs.org/json3/-/json3-3.3.3.tgz",
            "version": "3.3.3"
        },
        "node_modules/lodash": {
            "integrity": "sha512-v2kDEe57lecTulaDIuNTPy3Ry4gLGJ6Z1O3vE1krgXZNrsQ+LFTGHVxVjcXPs17LhbZVGedAJv8XZ1tvj5FvSg==",
            "resolved": "https://registry.npmjs.org/lodash/-/lodash-4.17.21.tgz",
            "version": "4.17.21"
        },
        "node_modules/minimist": {
            "funding": {
                "url": "https://github.com/sponsors/ljharb"
            },
            "integrity": "sha512-bzfL1YUZsP41gmu/qjrEk0Q6i2ix/cVeAhbCbqH9u3zYutS1cLg00qhrD0M2MVdCcx4Sc0UpP2eBWo9rotpq6g==",
            "resolved": "https://registry.npmjs.org/minimist/-/minimist-1.2.7.tgz",
            "version": "1.2.7"
        },
        "node_modules/require-directory": {
            "engines": {
                "node": ">=0.10.0"
            },
            "integrity": "sha512-fGxEI7+wsG9xrvdjsrlmL22OMTTiHRwAMroiEeMgq8gzoLC/PQr7RsRDSTLUg/bZAZtF+TVIkHc6/4RIKrui+Q==",
            "resolved": "https://registry.npmjs.org/require-directory/-/require-directory-2.1.1.tgz",
            "version": "2.1.1"
        },
        "node_modules/sort-json": {
            "bin": {
                "sort-json": "app/cmd.js"
            },
            "dependencies": {
                "detect-indent": "^5.0.0",
                "detect-newline": "^2.1.0",
                "minimist": "^1.2.0"
            },
            "integrity": "sha512-s8cs2bcsQCzo/P2T/uoU6Js4dS/jnX8+4xunziNoq9qmSpZNCrRIAIvp4avsz0ST18HycV4z/7myJ7jsHWB2XQ==",
            "resolved": "https://registry.npmjs.org/sort-json/-/sort-json-2.0.1.tgz",
            "version": "2.0.1"
        },
        "node_modules/string-width": {
            "dependencies": {
                "emoji-regex": "^8.0.0",
                "is-fullwidth-code-point": "^3.0.0",
                "strip-ansi": "^6.0.1"
            },
            "engines": {
                "node": ">=8"
            },
            "integrity": "sha512-wKyQRQpjJ0sIp62ErSZdGsjMJWsap5oRNihHhu6G7JVO/9jIB6UyevL+tXuOqrng8j/cxKTWyWUwvSTriiZz/g==",
            "resolved": "https://registry.npmjs.org/string-width/-/string-width-4.2.3.tgz",
            "version": "4.2.3"
        },
        "node_modules/strip-ansi": {
            "dependencies": {
                "ansi-regex": "^5.0.1"
            },
            "engines": {
                "node": ">=8"
            },
            "integrity": "sha512-Y38VPSHcqkFrCpFnQ9vuSXmquuv5oXOKpGeT6aGrr3o3Gc9AlVa6JBfUSOCnbxGGZF+/0ooI7KrPuUSztUdU5A==",
            "resolved": "https://registry.npmjs.org/strip-ansi/-/strip-ansi-6.0.1.tgz",
            "version": "6.0.1"
        },
        "node_modules/wrap-ansi": {
            "dependencies": {
                "ansi-styles": "^4.0.0",
                "string-width": "^4.1.0",
                "strip-ansi": "^6.0.0"
            },
            "engines": {
                "node": ">=10"
            },
            "funding": {
                "url": "https://github.com/chalk/wrap-ansi?sponsor=1"
            },
            "integrity": "sha512-YVGIj2kamLSTxw6NsZjoBxfSwsn0ycdesmc4p+Q21c5zPuZ1pl+NfxVdxPtdHvmNVOQ6XSYG4AUtyt/Fi7D16Q==",
            "resolved": "https://registry.npmjs.org/wrap-ansi/-/wrap-ansi-7.0.0.tgz",
            "version": "7.0.0"
        },
        "node_modules/y18n": {
            "engines": {
                "node": ">=10"
            },
            "integrity": "sha512-0pfFzegeDWJHJIAmTLRP2DwHjdF5s7jo9tuztdQxAhINCdvS+3nGINqPd00AphqJR/0LhANUS6/+7SCb98YOfA==",
            "resolved": "https://registry.npmjs.org/y18n/-/y18n-5.0.8.tgz",
            "version": "5.0.8"
        },
        "node_modules/yargs": {
            "dependencies": {
                "cliui": "^8.0.1",
                "escalade": "^3.1.1",
                "get-caller-file": "^2.0.5",
                "require-directory": "^2.1.1",
                "string-width": "^4.2.3",
                "y18n": "^5.0.5",
                "yargs-parser": "^21.1.1"
            },
            "engines": {
                "node": ">=12"
            },
            "integrity": "sha512-1/9UrdHjDZc0eOU0HxOHoS78C69UD3JRMvzlJ7S79S2nTaWRA/whGCTV8o9e/N/1Va9YIV7Q4sOxD8VV4pCWOw==",
            "resolved": "https://registry.npmjs.org/yargs/-/yargs-17.6.2.tgz",
            "version": "17.6.2"
        },
        "node_modules/yargs-parser": {
            "engines": {
                "node": ">=12"
            },
            "integrity": "sha512-tVpsJW7DdjecAiFpbIB1e3qxIQsE6NoPc5/eTdrbbIC4h0LVsWhnoa3g+m2HclBIujHzsxZ4VJVA+GUuc2/LBw==",
            "resolved": "https://registry.npmjs.org/yargs-parser/-/yargs-parser-21.1.1.tgz",
            "version": "21.1.1"
        }
    },
    "requires": true,
    "version": "1.0.4"
}